
Microsoft Visual Studio Solution File, Format Version 12.00
# Visual Studio 14
VisualStudioVersion = 14.0.25420.1
MinimumVisualStudioVersion = 10.0.40219.1
Project("{FAE04EC0-301F-11D3-BF4B-00C04F79EFBC}") = "BreakAwayGeekAdventuresDataAnnotations", "BreakAwayGeekAdventures\BreakAwayGeekAdventuresDataAnnotations.csproj", "{CBE88444-EC85-4185-99AE-76D9AAEE5D2C}"
EndProject
Project("{FAE04EC0-301F-11D3-BF4B-00C04F79EFBC}") = "BreakAwayAdventuresFluentAPI", "BreakAwayAdventuresFluentAPI\BreakAwayAdventuresFluentAPI.csproj", "{C3A408AF-3023-4F92-BA3B-B1F3A96A0A68}"
EndProject
Global
	GlobalSection(SolutionConfigurationPlatforms) = preSolution
		Debug|Any CPU = Debug|Any CPU
		Release|Any CPU = Release|Any CPU
	EndGlobalSection
	GlobalSection(ProjectConfigurationPlatforms) = postSolution
		{CBE88444-EC85-4185-99AE-76D9AAEE5D2C}.Debug|Any CPU.ActiveCfg = Debug|Any CPU
		{CBE88444-EC85-4185-99AE-76D9AAEE5D2C}.Debug|Any CPU.Build.0 = Debug|Any CPU
		{CBE88444-EC85-4185-99AE-76D9AAEE5D2C}.Release|Any CPU.ActiveCfg = Release|Any CPU
		{CBE88444-EC85-4185-99AE-76D9AAEE5D2C}.Release|Any CPU.Build.0 = Release|Any CPU
		{C3A408AF-3023-4F92-BA3B-B1F3A96A0A68}.Debug|Any CPU.ActiveCfg = Debug|Any CPU
		{C3A408AF-3023-4F92-BA3B-B1F3A96A0A68}.Debug|Any CPU.Build.0 = Debug|Any CPU
		{C3A408AF-3023-4F92-BA3B-B1F3A96A0A68}.Release|Any CPU.ActiveCfg = Release|Any CPU
		{C3A408AF-3023-4F92-BA3B-B1F3A96A0A68}.Release|Any CPU.Build.0 = Release|Any CPU
	EndGlobalSection
	GlobalSection(SolutionProperties) = preSolution
		HideSolutionNode = FALSE
	EndGlobalSection
EndGlobal
